version = 1
revision = 3
requires-python = ">=3.12"

[[package]]
name = "colorama"
version = "0.4.6"
source = { registry = "https://lila-prod-904233114280.d.codeartifact.us-east-1.amazonaws.com/pypi/pypi-prod/simple/" }
sdist = { url = "https://lila-prod-904233114280.d.codeartifact.us-east-1.amazonaws.com/pypi/pypi-prod/simple/colorama/0.4.6/colorama-0.4.6.tar.gz", hash = "sha256:08695f5cb7ed6e0531a20572697297273c47b8cae5a63ffc6d6ed5c201be6e44" }
wheels = [
    { url = "https://lila-prod-904233114280.d.codeartifact.us-east-1.amazonaws.com/pypi/pypi-prod/simple/colorama/0.4.6/colorama-0.4.6-py2.py3-none-any.whl", hash = "sha256:4f1d9991f5acc0ca119f9d443620b77f9d6b33703e51011c16baf57afb285fc6" },
]

[[package]]
name = "flexcache"
version = "0.3"
source = { registry = "https://lila-prod-904233114280.d.codeartifact.us-east-1.amazonaws.com/pypi/pypi-prod/simple/" }
dependencies = [
    { name = "typing-extensions" },
]
sdist = { url = "https://lila-prod-904233114280.d.codeartifact.us-east-1.amazonaws.com/pypi/pypi-prod/simple/flexcache/0.3/flexcache-0.3.tar.gz", hash = "sha256:18743bd5a0621bfe2cf8d519e4c3bfdf57a269c15d1ced3fb4b64e0ff4600656" }
wheels = [
    { url = "https://lila-prod-904233114280.d.codeartifact.us-east-1.amazonaws.com/pypi/pypi-prod/simple/flexcache/0.3/flexcache-0.3-py3-none-any.whl", hash = "sha256:d43c9fea82336af6e0115e308d9d33a185390b8346a017564611f1466dcd2e32" },
]

[[package]]
name = "flexparser"
version = "0.4"
source = { registry = "https://lila-prod-904233114280.d.codeartifact.us-east-1.amazonaws.com/pypi/pypi-prod/simple/" }
dependencies = [
    { name = "typing-extensions" },
]
sdist = { url = "https://lila-prod-904233114280.d.codeartifact.us-east-1.amazonaws.com/pypi/pypi-prod/simple/flexparser/0.4/flexparser-0.4.tar.gz", hash = "sha256:266d98905595be2ccc5da964fe0a2c3526fbbffdc45b65b3146d75db992ef6b2" }
wheels = [
    { url = "https://lila-prod-904233114280.d.codeartifact.us-east-1.amazonaws.com/pypi/pypi-prod/simple/flexparser/0.4/flexparser-0.4-py3-none-any.whl", hash = "sha256:3738b456192dcb3e15620f324c447721023c0293f6af9955b481e91d00179846" },
]

[[package]]
name = "iniconfig"
version = "2.3.0"
source = { registry = "https://lila-prod-904233114280.d.codeartifact.us-east-1.amazonaws.com/pypi/pypi-prod/simple/" }
sdist = { url = "https://lila-prod-904233114280.d.codeartifact.us-east-1.amazonaws.com/pypi/pypi-prod/simple/iniconfig/2.3.0/iniconfig-2.3.0.tar.gz", hash = "sha256:c76315c77db068650d49c5b56314774a7804df16fee4402c1f19d6d15d8c4730" }
wheels = [
    { url = "https://lila-prod-904233114280.d.codeartifact.us-east-1.amazonaws.com/pypi/pypi-prod/simple/iniconfig/2.3.0/iniconfig-2.3.0-py3-none-any.whl", hash = "sha256:f631c04d2c48c52b84d0d0549c99ff3859c98df65b3101406327ecc7d53fbf12" },
]

[[package]]
name = "networkx"
version = "3.6.1"
source = { registry = "https://lila-prod-904233114280.d.codeartifact.us-east-1.amazonaws.com/pypi/pypi-prod/simple/" }
sdist = { url = "https://lila-prod-904233114280.d.codeartifact.us-east-1.amazonaws.com/pypi/pypi-prod/simple/networkx/3.6.1/networkx-3.6.1.tar.gz", hash = "sha256:26b7c357accc0c8cde558ad486283728b65b6a95d85ee1cd66bafab4c8168509" }
wheels = [
    { url = "https://lila-prod-904233114280.d.codeartifact.us-east-1.amazonaws.com/pypi/pypi-prod/simple/networkx/3.6.1/networkx-3.6.1-py3-none-any.whl", hash = "sha256:d47fbf302e7d9cbbb9e2555a0d267983d2aa476bac30e90dfbe5669bd57f3762" },
]

[[package]]
name = "numpy"
version = "2.4.6"
source = { registry = "https://lila-prod-904233114280.d.codeartifact.us-east-1.amazonaws.com/pypi/pypi-prod/simple/" }
sdist = { url = "https://lila-prod-904233114280.d.codeartifact.us-east-1.amazonaws.com/pypi/pypi-prod/simple/numpy/2.4.6/numpy-2.4.6.tar.gz", hash = "sha256:f3a3570c4a2a16746ac2c31a7c7c7b0c186b95ce902e33db6f28094ed7387dda" }
wheels = [
    { url = "https://lila-prod-904233114280.d.codeartifact.us-east-1.amazonaws.com/pypi/pypi-prod/simple/numpy/2.4.6/numpy-2.4.6-cp312-cp312-macosx_10_13_x86_64.whl", hash = "sha256:001fbb8e08d942dd57599e781f2472269ee7f2755fae407b4f67b2f0b17da3f1" },
    { url = "https://lila-prod-904233114280.d.codeartifact.us-east-1.amazonaws.com/pypi/pypi-prod/simple/numpy/2.4.6/numpy-2.4.6-cp312-cp312-macosx_11_0_arm64.whl", hash = "sha256:ebfb099f8dcf083deef3ac1ca4c1503f387cf76296fcb3816b66f5ecb5f54fdb" },
    { url = "https://lila-prod-904233114280.d.codeartifact.us-east-1.amazonaws.com/pypi/pypi-prod/simple/numpy/2.4.6/numpy-2.4.6-cp312-cp312-macosx_14_0_arm64.whl", hash = "sha256:3213d622a0283a39a93d188f3cf72b26862df52fbb4ca3697f51705016523d41" },
    { url = "https://lila-prod-904233114280.d.codeartifact.us-east-1.amazonaws.com/pypi/pypi-prod/simple/numpy/2.4.6/numpy-2.4.6-cp312-cp312-macosx_14_0_x86_64.whl", hash = "sha256:357cc07a6d7b0b182ff02249616a03742827ebb1277546b5c7cd7f7620a45698" },
    { url = "https://lila-prod-904233114280.d.codeartifact.us-east-1.amazonaws.com/pypi/pypi-prod/simple/numpy/2.4.6/numpy-2.4.6-cp312-cp312-manylinux_2_27_aarch64.manylinux_2_28_aarch64.whl", hash = "sha256:5f9fb9157b4ce2971008323afe46053787b526ef624fea915b261468a8421a0f" },
    { url = "https://lila-prod-904233114280.d.codeartifact.us-east-1.amazonaws.com/pypi/pypi-prod/simple/numpy/2.4.6/numpy-2.4.6-cp312-cp312-manylinux_2_27_x86_64.manylinux_2_28_x86_64.whl", hash = "sha256:90f9849678c75fe7afa2d348ac842c168b0a4d3d61919687216dfc547976d853" },
    { url = "https://lila-prod-904233114280.d.codeartifact.us-east-1.amazonaws.com/pypi/pypi-prod/simple/numpy/2.4.6/numpy-2.4.6-cp312-cp312-musllinux_1_2_aarch64.whl", hash = "sha256:c1a2af6c6ef86344a6b0db6b97834208bf598db514f2b155042439b62605601a" },
    { url = "https://lila-prod-904233114280.d.codeartifact.us-east-1.amazonaws.com/pypi/pypi-prod/simple/numpy/2.4.6/numpy-2.4.6-cp312-cp312-musllinux_1_2_x86_64.whl", hash = "sha256:e5805d5a22fd19c8ccff10a9561f9df94436b0545619ea579db2d3c35294bce2" },
    { url = "https://lila-prod-904233114280.d.codeartifact.us-east-1.amazonaws.com/pypi/pypi-prod/simple/numpy/2.4.6/numpy-2.4.6-cp312-cp312-win32.whl", hash = "sha256:e3eeb0aabd6bd5ce64faae67e9935203a6991b4bc2a485a767fbafb2c5125f45" },
    { url = "https://lila-prod-904233114280.d.codeartifact.us-east-1.amazonaws.com/pypi/pypi-prod/simple/numpy/2.4.6/numpy-2.4.6-cp312-cp312-win_amd64.whl", hash = "sha256:d8e8286dd7cea7895157318d1b91cdacac64c479f3cbc8dce548331728484751" },
    { url = "https://lila-prod-904233114280.d.codeartifact.us-east-1.amazonaws.com/pypi/pypi-prod/simple/numpy/2.4.6/numpy-2.4.6-cp312-cp312-win_arm64.whl", hash = "sha256:4081eb135ac24158bd51cdfbef16f1c64df7063b1143f24731387137c092bec8" },
    { url = "https://lila-prod-904233114280.d.codeartifact.us-east-1.amazonaws.com/pypi/pypi-prod/simple/numpy/2.4.6/numpy-2.4.6-cp313-cp313-macosx_10_13_x86_64.whl", hash = "sha256:511dbaf848decaaaf4b4ca48032619fb3138710c4bf7da7617765edad1ef96b0" },
    { url = "https://lila-prod-904233114280.d.codeartifact.us-east-1.amazonaws.com/pypi/pypi-prod/simple/numpy/2.4.6/numpy-2.4.6-cp313-cp313-macosx_11_0_arm64.whl", hash = "sha256:bf162abab1c1a736333192707cef898e735a5ca00f38f27eeedf44b39d9e85eb" },
    { url = "https://lila-prod-904233114280.d.codeartifact.us-east-1.amazonaws.com/pypi/pypi-prod/simple/numpy/2.4.6/numpy-2.4.6-cp313-cp313-macosx_14_0_arm64.whl", hash = "sha256:043191bfa8eab18c776647b62723ac9dddece59743b13f49b2016094129c2b3f" },
    { url = "https://lila-prod-904233114280.d.codeartifact.us-east-1.amazonaws.com/pypi/pypi-prod/simple/numpy/2.4.6/numpy-2.4.6-cp313-cp313-macosx_14_0_x86_64.whl", hash = "sha256:6180d8b35af935aed8ece3a85e0a43f87393ae0ac87c8d2c8bd2c993f7270ef3" },
    { url = "https://lila-prod-904233114280.d.codeartifact.us-east-1.amazonaws.com/pypi/pypi-prod/simple/numpy/2.4.6/numpy-2.4.6-cp313-cp313-manylinux_2_27_aarch64.manylinux_2_28_aarch64.whl", hash = "sha256:72fbe16c6fac95aedf5937fa873445cec2110be35d8a4e9433d7501fd98dae6b" },
    { url = "https://lila-prod-904233114280.d.codeartifact.us-east-1.amazonaws.com/pypi/pypi-prod/simple/numpy/2.4.6/numpy-2.4.6-cp313-cp313-manylinux_2_27_x86_64.manylinux_2_28_x86_64.whl", hash = "sha256:a7830bab239b79cda9c08c2da014761cafb48da6150e1da17ac06283f43b6089" },
    { url = "https://lila-prod-904233114280.d.codeartifact.us-east-1.amazonaws.com/pypi/pypi-prod/simple/numpy/2.4.6/numpy-2.4.6-cp313-cp313-musllinux_1_2_aarch64.whl", hash = "sha256:ef4aea96ce4d3b074422cb4f2f64e216bf9e213004bb58ecfdf50ea02ea8eb9a" },
    { url = "https://lila-prod-904233114280.d.codeartifact.us-east-1.amazonaws.com/pypi/pypi-prod/simple/numpy/2.4.6/numpy-2.4.6-cp313-cp313-musllinux_1_2_x86_64.whl", hash = "sha256:dfa20cc6ca228e6b155b11da03825975ce66aea520985dbbddf0f2a5a495c605" },
    { url = "https://lila-prod-904233114280.d.codeartifact.us-east-1.amazonaws.com/pypi/pypi-prod/simple/numpy/2.4.6/numpy-2.4.6-cp313-cp313-win32.whl", hash = "sha256:56b39e5e0622a09a25bf5baf62f4bcf0cb8a41ae6e2819cf49bbc5a74c083f91" },
    { url = "https://lila-prod-904233114280.d.codeartifact.us-east-1.amazonaws.com/pypi/pypi-prod/simple/numpy/2.4.6/numpy-2.4.6-cp313-cp313-win_amd64.whl", hash = "sha256:c4fc99836233ea196540b17ab0983aff60ed07941751930f5f4d05bc3b3b7359" },
    { url = "https://lila-prod-904233114280.d.codeartifact.us-east-1.amazonaws.com/pypi/pypi-prod/simple/numpy/2.4.6/numpy-2.4.6-cp313-cp313-win_arm64.whl", hash = "sha256:a7c711e21628b52034bb5ab8d1bce291f752fcc5e92accc615778acee1ff4778" },
    { url = "https://lila-prod-904233114280.d.codeartifact.us-east-1.amazonaws.com/pypi/pypi-prod/simple/numpy/2.4.6/numpy-2.4.6-cp313-cp313t-macosx_11_0_arm64.whl", hash = "sha256:112b06a867b235ef466ed3508ddf0238050df9c727cafb5301ac385b899189a1" },
    { url = "https://lila-prod-904233114280.d.codeartifact.us-east-1.amazonaws.com/pypi/pypi-prod/simple/numpy/2.4.6/numpy-2.4.6-cp313-cp313t-macosx_14_0_arm64.whl", hash = "sha256:eaf7fa2de5c0be8ae6ff8e9bea2ccd725e980541244521d8d4b5f3354a27babe" },
    { url = "https://lila-prod-904233114280.d.codeartifact.us-east-1.amazonaws.com/pypi/pypi-prod/simple/numpy/2.4.6/numpy-2.4.6-cp313-cp313t-macosx_14_0_x86_64.whl", hash = "sha256:7265a2f3d436e54ef9f2b52b5c937e6be778781bd97a590319d7348f1c1ca997" },
    { url = "https://lila-prod-904233114280.d.codeartifact.us-east-1.amazonaws.com/pypi/pypi-prod/simple/numpy/2.4.6/numpy-2.4.6-cp313-cp313t-manylinux_2_27_aarch64.manylinux_2_28_aarch64.whl", hash = "sha256:f74a575920ab21fe304421a3fc28793d82e299cae9eccb37084e9fc7f3617c20" },
    { url = "https://lila-prod-904233114280.d.codeartifact.us-east-1.amazonaws.com/pypi/pypi-prod/simple/numpy/2.4.6/numpy-2.4.6-cp313-cp313t-manylinux_2_27_x86_64.manylinux_2_28_x86_64.whl", hash = "sha256:ede83e07a75dd06bc501566c1eca2afc0d61677c1472ac9ad93fdee6e638a48d" },
    { url = "https://lila-prod-904233114280.d.codeartifact.us-east-1.amazonaws.com/pypi/pypi-prod/simple/numpy/2.4.6/numpy-2.4.6-cp313-cp313t-musllinux_1_2_aarch64.whl", hash = "sha256:68bb27509ac1b9a3443094260f6326150663b06abe40b73a2f81160623da5b67" },
    { url = "https://lila-prod-904233114280.d.codeartifact.us-east-1.amazonaws.com/pypi/pypi-prod/simple/numpy/2.4.6/numpy-2.4.6-cp313-cp313t-musllinux_1_2_x86_64.whl", hash = "sha256:a0df0043bdb289bde1f62da130d20df23d58b45429f752bc7a8fc5325a225ecd" },
    { url = "https://lila-prod-904233114280.d.codeartifact.us-east-1.amazonaws.com/pypi/pypi-prod/simple/numpy/2.4.6/numpy-2.4.6-cp313-cp313t-win32.whl", hash = "sha256:29a287e0cf63ff528da061de6b9f64a4618da591ca1046aafc54062e40ca7eab" },
    { url = "https://lila-prod-904233114280.d.codeartifact.us-east-1.amazonaws.com/pypi/pypi-prod/simple/numpy/2.4.6/numpy-2.4.6-cp313-cp313t-win_amd64.whl", hash = "sha256:25c692919ac5a01f170a3bfcd62d745b24fd095c353d50812637d6fcab442e75" },
    { url = "https://lila-prod-904233114280.d.codeartifact.us-east-1.amazonaws.com/pypi/pypi-prod/simple/numpy/2.4.6/numpy-2.4.6-cp313-cp313t-win_arm64.whl", hash = "sha256:1e978ec1e8bd0e0e4de6bb75de9d30cbb74db6b6a2bb727618613703ca0167dd" },
    { url = "https://lila-prod-904233114280.d.codeartifact.us-east-1.amazonaws.com/pypi/pypi-prod/simple/numpy/2.4.6/numpy-2.4.6-cp314-cp314-macosx_10_15_x86_64.whl", hash = "sha256:06ca2f61ec4385a07a6977c55ba998a4466c123642b4a32694d3128fce18c079" },
    { url = "https://lila-prod-904233114280.d.codeartifact.us-east-1.amazonaws.com/pypi/pypi-prod/simple/numpy/2.4.6/numpy-2.4.6-cp314-cp314-macosx_11_0_arm64.whl", hash = "sha256:38efbc8de75c7a0fc1ac190162d892787f3f47b57cc291231aafee36b80982b7" },
    { url = "https://lila-prod-904233114280.d.codeartifact.us-east-1.amazonaws.com/pypi/pypi-prod/simple/numpy/2.4.6/numpy-2.4.6-cp314-cp314-macosx_14_0_arm64.whl", hash = "sha256:d581b735e177fdcdce6fed8e7e8880a3fb6ee4e3653a3ac6af01c6f4c03effc5" },
    { url = "https://lila-prod-904233114280.d.codeartifact.us-east-1.amazonaws.com/pypi/pypi-prod/simple/numpy/2.4.6/numpy-2.4.6-cp314-cp314-macosx_14_0_x86_64.whl", hash = "sha256:0a041d3d761dc3c35cc56ce0351506a02bcbc25f7b169f652435141a17db9096" },
    { url = "https://lila-prod-904233114280.d.codeartifact.us-east-1.amazonaws.com/pypi/pypi-prod/simple/numpy/2.4.6/numpy-2.4.6-cp314-cp314-manylinux_2_27_aarch64.manylinux_2_28_aarch64.whl", hash = "sha256:40fdc1ae7125e518ea98e53e69a4ebc27e1fd50510c47b7ea130cf21e5e1d42b" },
    { url = "https://lila-prod-904233114280.d.codeartifact.us-east-1.amazonaws.com/pypi/pypi-prod/simple/numpy/2.4.6/numpy-2.4.6-cp314-cp314-manylinux_2_27_x86_64.manylinux_2_28_x86_64.whl", hash = "sha256:a2c306dea656c12c68f51f4cea133cbe78ca7435eb28c735eac1d3ebe73be6e8" },
    { url = "https://lila-prod-904233114280.d.codeartifact.us-east-1.amazonaws.com/pypi/pypi-prod/simple/numpy/2.4.6/numpy-2.4.6-cp314-cp314-musllinux_1_2_aarch64.whl", hash = "sha256:33111801a01c12a8a1e3721f0a9232f8cfc8ae2c6b7098167e6f623c6073f402" },
    { url = "https://lila-prod-904233114280.d.codeartifact.us-east-1.amazonaws.com/pypi/pypi-prod/simple/numpy/2.4.6/numpy-2.4.6-cp314-cp314-musllinux_1_2_x86_64.whl", hash = "sha256:ae506e6902902557576a26ff33eda8695e7ecb3cb36c3b573a0765dee114ebdb" },
    { url = "https://lila-prod-904233114280.d.codeartifact.us-east-1.amazonaws.com/pypi/pypi-prod/simple/numpy/2.4.6/numpy-2.4.6-cp314-cp314-win32.whl", hash = "sha256:aaf159caa35993cb1f56fb9b8e4610d35758e7ca005412eb1daa856a78c9c4b1" },
    { url = "https://lila-prod-904233114280.d.codeartifact.us-east-1.amazonaws.com/pypi/pypi-prod/simple/numpy/2.4.6/numpy-2.4.6-cp314-cp314-win_amd64.whl", hash = "sha256:b507f5c4c1d508876d1819b6bf9a49d365b96320b5d4993426b33a23ca4b8261" },
    { url = "https://lila-prod-904233114280.d.codeartifact.us-east-1.amazonaws.com/pypi/pypi-prod/simple/numpy/2.4.6/numpy-2.4.6-cp314-cp314-win_arm64.whl", hash = "sha256:6f41ae150c4e32db4f3310cdaf64b1593a03dbabe29eec77fc9b50fe64061df6" },
    { url = "https://lila-prod-904233114280.d.codeartifact.us-east-1.amazonaws.com/pypi/pypi-prod/simple/numpy/2.4.6/numpy-2.4.6-cp314-cp314t-macosx_11_0_arm64.whl", hash = "sha256:ece3d2cfe132e7d51f44a832b303895e6f2d499c5e74dfbdb06ee246147a304a" },
    { url = "https://lila-prod-904233114280.d.codeartifact.us-east-1.amazonaws.com/pypi/pypi-prod/simple/numpy/2.4.6/numpy-2.4.6-cp314-cp314t-macosx_14_0_arm64.whl", hash = "sha256:e3e5193ef5a3dc73bceee50f7fdc2c90dbb76c42df8d8fae3d1067a583df579e" },
    { url = "https://lila-prod-904233114280.d.codeartifact.us-east-1.amazonaws.com/pypi/pypi-prod/simple/numpy/2.4.6/numpy-2.4.6-cp314-cp314t-macosx_14_0_x86_64.whl", hash = "sha256:17f9ade344e7d9b464a084d69bcf18fc691cb1db67c62ed80820bf4926d78f0e" },
    { url = "https://lila-prod-904233114280.d.codeartifact.us-east-1.amazonaws.com/pypi/pypi-prod/simple/numpy/2.4.6/numpy-2.4.6-cp314-cp314t-manylinux_2_27_aarch64.manylinux_2_28_aarch64.whl", hash = "sha256:9cd5ffd25db4e7ba6a375693b3fc0fc1791ec636c17db3720da19bde7180ec43" },
    { url = "https://lila-prod-904233114280.d.codeartifact.us-east-1.amazonaws.com/pypi/pypi-prod/simple/numpy/2.4.6/numpy-2.4.6-cp314-cp314t-manylinux_2_27_x86_64.manylinux_2_28_x86_64.whl", hash = "sha256:7d92c3819208a60205a12a245c91ad70cb0a85336659b19b834205573ac8456e" },
    { url = "https://lila-prod-904233114280.d.codeartifact.us-east-1.amazonaws.com/pypi/pypi-prod/simple/numpy/2.4.6/numpy-2.4.6-cp314-cp314t-musllinux_1_2_aarch64.whl", hash = "sha256:e85b752a1e912b70eaad4fafbd4d1238007ab221de2009b9a2f5ae7461239895" },
    { url = "https://lila-prod-904233114280.d.codeartifact.us-east-1.amazonaws.com/pypi/pypi-prod/simple/numpy/2.4.6/numpy-2.4.6-cp314-cp314t-musllinux_1_2_x86_64.whl", hash = "sha256:29cb7f67d10b479ff07c17d33e39f78c07f71c40ef30d63c153d340e96cd3fb4" },
    { url = "https://lila-prod-904233114280.d.codeartifact.us-east-1.amazonaws.com/pypi/pypi-prod/simple/numpy/2.4.6/numpy-2.4.6-cp314-cp314t-win32.whl", hash = "sha256:260a5d70215b61ab4fadf5c7baacd64821842975eea312125ed3c39a6391b063" },
    { url = "https://lila-prod-904233114280.d.codeartifact.us-east-1.amazonaws.com/pypi/pypi-prod/simple/numpy/2.4.6/numpy-2.4.6-cp314-cp314t-win_amd64.whl", hash = "sha256:81a1cca95ed5bb92aa8b10dd2cdc9a0d3853a50fad926c28b5d7e8ea54389627" },
    { url = "https://lila-prod-904233114280.d.codeartifact.us-east-1.amazonaws.com/pypi/pypi-prod/simple/numpy/2.4.6/numpy-2.4.6-cp314-cp314t-win_arm64.whl", hash = "sha256:0c9136e14ed34a9e343a31c533d78a9813a69a3148332bce5e9821cb2f996e66" },
]

[[package]]
name = "opentelemetry-api"
version = "1.42.1"
source = { registry = "https://lila-prod-904233114280.d.codeartifact.us-east-1.amazonaws.com/pypi/pypi-prod/simple/" }
dependencies = [
    { name = "typing-extensions" },
]
sdist = { url = "https://lila-prod-904233114280.d.codeartifact.us-east-1.amazonaws.com/pypi/pypi-prod/simple/opentelemetry-api/1.42.1/opentelemetry_api-1.42.1.tar.gz", hash = "sha256:56c63bea9f77b62856be8c47600474acad853b2924b99b1687c4cb6297166716" }
wheels = [
    { url = "https://lila-prod-904233114280.d.codeartifact.us-east-1.amazonaws.com/pypi/pypi-prod/simple/opentelemetry-api/1.42.1/opentelemetry_api-1.42.1-py3-none-any.whl", hash = "sha256:51a69edacadbc03a8950ace1c4c21099cacc538820ac2c9e36277e78cebba714" },
]

[[package]]
name = "ophyd"
version = "1.11.1"
source = { registry = "https://lila-prod-904233114280.d.codeartifact.us-east-1.amazonaws.com/pypi/pypi-prod/simple/" }
dependencies = [
    { name = "networkx" },
    { name = "numpy" },
    { name = "opentelemetry-api" },
    { name = "packaging" },
    { name = "pint" },
]
sdist = { url = "https://lila-prod-904233114280.d.codeartifact.us-east-1.amazonaws.com/pypi/pypi-prod/simple/ophyd/1.11.1/ophyd-1.11.1.tar.gz", hash = "sha256:c813fa90f7d070b8da2a875ace9f50193a29d4c4555838c9c766947d971bbb9c" }
wheels = [
    { url = "https://lila-prod-904233114280.d.codeartifact.us-east-1.amazonaws.com/pypi/pypi-prod/simple/ophyd/1.11.1/ophyd-1.11.1-py3-none-any.whl", hash = "sha256:af3032fe4cc74a2f219d0dfd0c65454faff397b14b194ca3fc7a3b5ec89c1ceb" },
]

[[package]]
name = "packaging"
version = "26.2"
source = { registry = "https://lila-prod-904233114280.d.codeartifact.us-east-1.amazonaws.com/pypi/pypi-prod/simple/" }
sdist = { url = "https://lila-prod-904233114280.d.codeartifact.us-east-1.amazonaws.com/pypi/pypi-prod/simple/packaging/26.2/packaging-26.2.tar.gz", hash = "sha256:ff452ff5a3e828ce110190feff1178bb1f2ea2281fa2075aadb987c2fb221661" }
wheels = [
    { url = "https://lila-prod-904233114280.d.codeartifact.us-east-1.amazonaws.com/pypi/pypi-prod/simple/packaging/26.2/packaging-26.2-py3-none-any.whl", hash = "sha256:5fc45236b9446107ff2415ce77c807cee2862cb6fac22b8a73826d0693b0980e" },
]

[[package]]
name = "pint"
version = "0.25.3"
source = { registry = "https://lila-prod-904233114280.d.codeartifact.us-east-1.amazonaws.com/pypi/pypi-prod/simple/" }
dependencies = [
    { name = "flexcache" },
    { name = "flexparser" },
    { name = "platformdirs" },
    { name = "typing-extensions" },
]
sdist = { url = "https://lila-prod-904233114280.d.codeartifact.us-east-1.amazonaws.com/pypi/pypi-prod/simple/pint/0.25.3/pint-0.25.3.tar.gz", hash = "sha256:f8f5df6cf65314d74da1ade1bf96f8e3e4d0c41b51577ac53c49e7d44ca5acee" }
wheels = [
    { url = "https://lila-prod-904233114280.d.codeartifact.us-east-1.amazonaws.com/pypi/pypi-prod/simple/pint/0.25.3/pint-0.25.3-py3-none-any.whl", hash = "sha256:27eb25143bd5de9fcc4d5a4b484f16faf6b4615aa93ece6b3373a8c1a3c1b97d" },
]

[[package]]
name = "platformdirs"
version = "4.9.6"
source = { registry = "https://lila-prod-904233114280.d.codeartifact.us-east-1.amazonaws.com/pypi/pypi-prod/simple/" }
sdist = { url = "https://lila-prod-904233114280.d.codeartifact.us-east-1.amazonaws.com/pypi/pypi-prod/simple/platformdirs/4.9.6/platformdirs-4.9.6.tar.gz", hash = "sha256:3bfa75b0ad0db84096ae777218481852c0ebc6c727b3168c1b9e0118e458cf0a" }
wheels = [
    { url = "https://lila-prod-904233114280.d.codeartifact.us-east-1.amazonaws.com/pypi/pypi-prod/simple/platformdirs/4.9.6/platformdirs-4.9.6-py3-none-any.whl", hash = "sha256:e61adb1d5e5cb3441b4b7710bea7e4c12250ca49439228cc1021c00dcfac0917" },
]

[[package]]
name = "pluggy"
version = "1.6.0"
source = { registry = "https://lila-prod-904233114280.d.codeartifact.us-east-1.amazonaws.com/pypi/pypi-prod/simple/" }
sdist = { url = "https://lila-prod-904233114280.d.codeartifact.us-east-1.amazonaws.com/pypi/pypi-prod/simple/pluggy/1.6.0/pluggy-1.6.0.tar.gz", hash = "sha256:7dcc130b76258d33b90f61b658791dede3486c3e6bfb003ee5c9bfb396dd22f3" }
wheels = [
    { url = "https://lila-prod-904233114280.d.codeartifact.us-east-1.amazonaws.com/pypi/pypi-prod/simple/pluggy/1.6.0/pluggy-1.6.0-py3-none-any.whl", hash = "sha256:e920276dd6813095e9377c0bc5566d94c932c33b27a3e3945d8389c374dd4746" },
]

[[package]]
name = "pycertifspec"
version = "0.1.0"
source = { editable = "." }
dependencies = [
    { name = "numpy" },
]

[package.optional-dependencies]
bluesky = [
    { name = "ophyd" },
]
dev = [
    { name = "pytest" },
]

[package.metadata]
requires-dist = [
    { name = "numpy" },
    { name = "ophyd", marker = "extra == 'bluesky'" },
    { name = "pytest", marker = "extra == 'dev'" },
]
provides-extras = ["bluesky", "dev"]

[[package]]
name = "pygments"
version = "2.20.0"
source = { registry = "https://lila-prod-904233114280.d.codeartifact.us-east-1.amazonaws.com/pypi/pypi-prod/simple/" }
sdist = { url = "https://lila-prod-904233114280.d.codeartifact.us-east-1.amazonaws.com/pypi/pypi-prod/simple/pygments/2.20.0/pygments-2.20.0.tar.gz", hash = "sha256:6757cd03768053ff99f3039c1a36d6c0aa0b263438fcab17520b30a303a82b5f" }
wheels = [
    { url = "https://lila-prod-904233114280.d.codeartifact.us-east-1.amazonaws.com/pypi/pypi-prod/simple/pygments/2.20.0/pygments-2.20.0-py3-none-any.whl", hash = "sha256:81a9e26dd42fd28a23a2d169d86d7ac03b46e2f8b59ed4698fb4785f946d0176" },
]

[[package]]
name = "pytest"
version = "9.0.3"
source = { registry = "https://lila-prod-904233114280.d.codeartifact.us-east-1.amazonaws.com/pypi/pypi-prod/simple/" }
dependencies = [
    { name = "colorama", marker = "sys_platform == 'win32'" },
    { name = "iniconfig" },
    { name = "packaging" },
    { name = "pluggy" },
    { name = "pygments" },
]
sdist = { url = "https://lila-prod-904233114280.d.codeartifact.us-east-1.amazonaws.com/pypi/pypi-prod/simple/pytest/9.0.3/pytest-9.0.3.tar.gz", hash = "sha256:b86ada508af81d19edeb213c681b1d48246c1a91d304c6c81a427674c17eb91c" }
wheels = [
    { url = "https://lila-prod-904233114280.d.codeartifact.us-east-1.amazonaws.com/pypi/pypi-prod/simple/pytest/9.0.3/pytest-9.0.3-py3-none-any.whl", hash = "sha256:2c5efc453d45394fdd706ade797c0a81091eccd1d6e4bccfcd476e2b8e0ab5d9" },
]

[[package]]
name = "typing-extensions"
version = "4.15.0"
source = { registry = "https://lila-prod-904233114280.d.codeartifact.us-east-1.amazonaws.com/pypi/pypi-prod/simple/" }
sdist = { url = "https://lila-prod-904233114280.d.codeartifact.us-east-1.amazonaws.com/pypi/pypi-prod/simple/typing-extensions/4.15.0/typing_extensions-4.15.0.tar.gz", hash = "sha256:0cea48d173cc12fa28ecabc3b837ea3cf6f38c6d1136f85cbaaf598984861466" }
wheels = [
    { url = "https://lila-prod-904233114280.d.codeartifact.us-east-1.amazonaws.com/pypi/pypi-prod/simple/typing-extensions/4.15.0/typing_extensions-4.15.0-py3-none-any.whl", hash = "sha256:f0fa19c6845758ab08074a0cfa8b7aecb71c999ca73d62883bc25cc018c4e548" },
]
